// !$*UTF8*$!
{
	archiveVersion = 1;
	classes = {
	};
	objectVersion = 50;
	objects = {

/* Begin PBXFileReference section */
		44C04F89228C0E000073049F /* lsproto.c */ = {isa = PBXFileReference; lastKnownFileType = sourcecode.c.c; path = lsproto.c; sourceTree = "<group>"; };
		44C04F8A228C0E010073049F /* sproto.c */ = {isa = PBXFileReference; lastKnownFileType = sourcecode.c.c; path = sproto.c; sourceTree = "<group>"; };
		44C04F8B228C0E010073049F /* LICENSE */ = {isa = PBXFileReference; lastKnownFileType = text; path = LICENSE; sourceTree = "<group>"; };
		44C04F8C228C0E010073049F /* Makefile */ = {isa = PBXFileReference; lastKnownFileType = sourcecode.make; path = Makefile; sourceTree = "<group>"; };
		44C04F8D228C0E010073049F /* testrpc.lua */ = {isa = PBXFileReference; lastKnownFileType = text; path = testrpc.lua; sourceTree = "<group>"; };
		44C04F8E228C0E010073049F /* sprotoparser.lua */ = {isa = PBXFileReference; lastKnownFileType = text; path = sprotoparser.lua; sourceTree = "<group>"; };
		44C04F8F228C0E010073049F /* sproto.lua */ = {isa = PBXFileReference; lastKnownFileType = text; path = sproto.lua; sourceTree = "<group>"; };
		44C04F90228C0E010073049F /* README.md */ = {isa = PBXFileReference; lastKnownFileType = net.daringfireball.markdown; path = README.md; sourceTree = "<group>"; };
		44C04F91228C0E010073049F /* test.lua */ = {isa = PBXFileReference; lastKnownFileType = text; path = test.lua; sourceTree = "<group>"; };
		44C04F92228C0E010073049F /* msvcint.h */ = {isa = PBXFileReference; lastKnownFileType = sourcecode.c.h; path = msvcint.h; sourceTree = "<group>"; };
		44C04F93228C0E010073049F /* sproto.h */ = {isa = PBXFileReference; lastKnownFileType = sourcecode.c.h; path = sproto.h; sourceTree = "<group>"; };
		44C04F94228C0E010073049F /* testall.lua */ = {isa = PBXFileReference; lastKnownFileType = text; path = testall.lua; sourceTree = "<group>"; };
		44C04F95228C0E010073049F /* print_r.lua */ = {isa = PBXFileReference; lastKnownFileType = text; path = print_r.lua; sourceTree = "<group>"; };
/* End PBXFileReference section */

/* Begin PBXGroup section */
		44C04F83228C0E000073049F = {
			isa = PBXGroup;
			children = (
				44C04F89228C0E000073049F /* lsproto.c */,
				44C04F8A228C0E010073049F /* sproto.c */,
				44C04F8B228C0E010073049F /* LICENSE */,
				44C04F8C228C0E010073049F /* Makefile */,
				44C04F8D228C0E010073049F /* testrpc.lua */,
				44C04F8E228C0E010073049F /* sprotoparser.lua */,
				44C04F8F228C0E010073049F /* sproto.lua */,
				44C04F90228C0E010073049F /* README.md */,
				44C04F91228C0E010073049F /* test.lua */,
				44C04F92228C0E010073049F /* msvcint.h */,
				44C04F93228C0E010073049F /* sproto.h */,
				44C04F94228C0E010073049F /* testall.lua */,
				44C04F95228C0E010073049F /* print_r.lua */,
			);
			sourceTree = "<group>";
		};
/* End PBXGroup section */

/* Begin PBXLegacyTarget section */
		44C04F88228C0E000073049F /* sproto.new */ = {
			isa = PBXLegacyTarget;
			buildArgumentsString = "$(ACTION)";
			buildConfigurationList = 44C04F96228C0E010073049F /* Build configuration list for PBXLegacyTarget "sproto.new" */;
			buildPhases = (
			);
			buildToolPath = /usr/bin/make;
			buildWorkingDirectory = /Users/averson/Averson/Unity/UnitySourceCode/jarjin_tolua_rumtime/sproto.new;
			dependencies = (
			);
			name = sproto.new;
			passBuildSettingsInEnvironment = 1;
			productName = sproto.new;
		};
/* End PBXLegacyTarget section */

/* Begin PBXProject section */
		44C04F84228C0E000073049F /* Project object */ = {
			isa = PBXProject;
			attributes = {
			};
			buildConfigurationList = 44C04F87228C0E000073049F /* Build configuration list for PBXProject "sproto.new" */;
			compatibilityVersion = "Xcode 9.3";
			developmentRegion = en;
			hasScannedForEncodings = 0;
			knownRegions = (
				en,
			);
			mainGroup = 44C04F83228C0E000073049F;
			projectDirPath = "";
			projectRoot = "";
			targets = (
				44C04F88228C0E000073049F /* sproto.new */,
			);
		};
/* End PBXProject section */

/* Begin XCBuildConfiguration section */
		44C04F85228C0E000073049F /* Debug */ = {
			isa = XCBuildConfiguration;
			buildSettings = {
				ARCHS = "$(ARCHS_STANDARD_32_BIT)";
				COPY_PHASE_STRIP = NO;
				GCC_WARN_ABOUT_RETURN_TYPE = YES;
				GCC_WARN_UNUSED_VARIABLE = YES;
				ONLY_ACTIVE_ARCH = YES;
				SDKROOT = macosx10.6;
			};
			name = Debug;
		};
		44C04F86228C0E000073049F /* Release */ = {
			isa = XCBuildConfiguration;
			buildSettings = {
				ARCHS = "$(ARCHS_STANDARD_32_BIT)";
				COPY_PHASE_STRIP = YES;
				GCC_WARN_ABOUT_RETURN_TYPE = YES;
				GCC_WARN_UNUSED_VARIABLE = YES;
				SDKROOT = macosx10.6;
			};
			name = Release;
		};
		44C04F97228C0E010073049F /* Debug */ = {
			isa = XCBuildConfiguration;
			buildSettings = {
				COPY_PHASE_STRIP = NO;
				DEBUGGING_SYMBOLS = YES;
				GCC_DYNAMIC_NO_PIC = NO;
				GCC_ENABLE_FIX_AND_CONTINUE = YES;
				GCC_GENERATE_DEBUGGING_SYMBOLS = YES;
				GCC_OPTIMIZATION_LEVEL = 0;
				OTHER_CFLAGS = "";
				OTHER_LDFLAGS = "";
				PRODUCT_NAME = sproto.new;
			};
			name = Debug;
		};
		44C04F98228C0E010073049F /* Release */ = {
			isa = XCBuildConfiguration;
			buildSettings = {
				COPY_PHASE_STRIP = YES;
				DEBUG_INFORMATION_FORMAT = "dwarf-with-dsym";
				GCC_ENABLE_FIX_AND_CONTINUE = NO;
				OTHER_CFLAGS = "";
				OTHER_LDFLAGS = "";
				PRODUCT_NAME = sproto.new;
			};
			name = Release;
		};
/* End XCBuildConfiguration section */

/* Begin XCConfigurationList section */
		44C04F87228C0E000073049F /* Build configuration list for PBXProject "sproto.new" */ = {
			isa = XCConfigurationList;
			buildConfigurations = (
				44C04F85228C0E000073049F /* Debug */,
				44C04F86228C0E000073049F /* Release */,
			);
			defaultConfigurationIsVisible = 0;
			defaultConfigurationName = Release;
		};
		44C04F96228C0E010073049F /* Build configuration list for PBXLegacyTarget "sproto.new" */ = {
			isa = XCConfigurationList;
			buildConfigurations = (
				44C04F97228C0E010073049F /* Debug */,
				44C04F98228C0E010073049F /* Release */,
			);
			defaultConfigurationIsVisible = 0;
			defaultConfigurationName = Release;
		};
/* End XCConfigurationList section */
	};
	rootObject = 44C04F84228C0E000073049F /* Project object */;
}
